
Microsoft Visual Studio Solution File, Format Version 12.00
# Visual Studio Version 17
VisualStudioVersion = 17.3.32901.215
MinimumVisualStudioVersion = 10.0.40219.1
Project("{FAE04EC0-301F-11D3-BF4B-00C04F79EFBC}") = "MainReportDemo", "MainReportDemo\MainReportDemo.csproj", "{7DF7B6F9-F15F-4583-88CA-F4692A71F431}"
EndProject
Global
	GlobalSection(SolutionConfigurationPlatforms) = preSolution
		Debug|Any CPU = Debug|Any CPU
		Release|Any CPU = Release|Any CPU
	EndGlobalSection
	GlobalSection(ProjectConfigurationPlatforms) = postSolution
		{7DF7B6F9-F15F-4583-88CA-F4692A71F431}.Debug|Any CPU.ActiveCfg = Debug|Any CPU
		{7DF7B6F9-F15F-4583-88CA-F4692A71F431}.Debug|Any CPU.Build.0 = Debug|Any CPU
		{7DF7B6F9-F15F-4583-88CA-F4692A71F431}.Release|Any CPU.ActiveCfg = Release|Any CPU
		{7DF7B6F9-F15F-4583-88CA-F4692A71F431}.Release|Any CPU.Build.0 = Release|Any CPU
	EndGlobalSection
	GlobalSection(SolutionProperties) = preSolution
		HideSolutionNode = FALSE
	EndGlobalSection
	GlobalSection(ExtensibilityGlobals) = postSolution
		SolutionGuid = {16749E69-99D7-4397-A959-82241165F310}
	EndGlobalSection
EndGlobal
